
Microsoft Visual Studio Solution File, Format Version 12.00
# Visual Studio Version 17
VisualStudioVersion = 17.4.33213.308
MinimumVisualStudioVersion = 10.0.40219.1
Project("{FAE04EC0-301F-11D3-BF4B-00C04F79EFBC}") = "User profile, catalog", "User profile, catalog.csproj", "{24B798C4-0F0A-44AE-9FDA-0B73A23A8F86}"
EndProject
Global
	GlobalSection(SolutionConfigurationPlatforms) = preSolution
		Debug|Any CPU = Debug|Any CPU
		Release|Any CPU = Release|Any CPU
	EndGlobalSection
	GlobalSection(ProjectConfigurationPlatforms) = postSolution
		{24B798C4-0F0A-44AE-9FDA-0B73A23A8F86}.Debug|Any CPU.ActiveCfg = Debug|Any CPU
		{24B798C4-0F0A-44AE-9FDA-0B73A23A8F86}.Debug|Any CPU.Build.0 = Debug|Any CPU
		{24B798C4-0F0A-44AE-9FDA-0B73A23A8F86}.Release|Any CPU.ActiveCfg = Release|Any CPU
		{24B798C4-0F0A-44AE-9FDA-0B73A23A8F86}.Release|Any CPU.Build.0 = Release|Any CPU
	EndGlobalSection
	GlobalSection(SolutionProperties) = preSolution
		HideSolutionNode = FALSE
	EndGlobalSection
	GlobalSection(ExtensibilityGlobals) = postSolution
		SolutionGuid = {4AD49F6E-902D-41F8-A235-74A0F434D388}
	EndGlobalSection
EndGlobal
